
Microsoft Visual Studio Solution File, Format Version 12.00
# Visual Studio Version 17
VisualStudioVersion = 17.9.34902.65
MinimumVisualStudioVersion = 10.0.40219.1
Project("{9A19103F-16F7-4668-BE54-9A1E7A4F7556}") = "ex_1", "ex_1.csproj", "{1D2D8AC1-63B2-4D1B-BD82-8D8B46909873}"
EndProject
Global
	GlobalSection(SolutionConfigurationPlatforms) = preSolution
		Debug|Any CPU = Debug|Any CPU
		Release|Any CPU = Release|Any CPU
	EndGlobalSection
	GlobalSection(ProjectConfigurationPlatforms) = postSolution
		{1D2D8AC1-63B2-4D1B-BD82-8D8B46909873}.Debug|Any CPU.ActiveCfg = Debug|Any CPU
		{1D2D8AC1-63B2-4D1B-BD82-8D8B46909873}.Debug|Any CPU.Build.0 = Debug|Any CPU
		{1D2D8AC1-63B2-4D1B-BD82-8D8B46909873}.Release|Any CPU.ActiveCfg = Release|Any CPU
		{1D2D8AC1-63B2-4D1B-BD82-8D8B46909873}.Release|Any CPU.Build.0 = Release|Any CPU
	EndGlobalSection
	GlobalSection(SolutionProperties) = preSolution
		HideSolutionNode = FALSE
	EndGlobalSection
	GlobalSection(ExtensibilityGlobals) = postSolution
		SolutionGuid = {12D878C1-F56C-4369-9ABF-0581BA3C40AB}
	EndGlobalSection
EndGlobal
