
Microsoft Visual Studio Solution File, Format Version 12.00
# Visual Studio Version 17
VisualStudioVersion = 17.9.34902.65
MinimumVisualStudioVersion = 10.0.40219.1
Project("{FAE04EC0-301F-11D3-BF4B-00C04F79EFBC}") = "Problem_2", "Problem_2.csproj", "{0D28869A-99E0-4051-B2FE-00243F472261}"
EndProject
Global
	GlobalSection(SolutionConfigurationPlatforms) = preSolution
		Debug|Any CPU = Debug|Any CPU
		Release|Any CPU = Release|Any CPU
	EndGlobalSection
	GlobalSection(ProjectConfigurationPlatforms) = postSolution
		{0D28869A-99E0-4051-B2FE-00243F472261}.Debug|Any CPU.ActiveCfg = Debug|Any CPU
		{0D28869A-99E0-4051-B2FE-00243F472261}.Debug|Any CPU.Build.0 = Debug|Any CPU
		{0D28869A-99E0-4051-B2FE-00243F472261}.Release|Any CPU.ActiveCfg = Release|Any CPU
		{0D28869A-99E0-4051-B2FE-00243F472261}.Release|Any CPU.Build.0 = Release|Any CPU
	EndGlobalSection
	GlobalSection(SolutionProperties) = preSolution
		HideSolutionNode = FALSE
	EndGlobalSection
	GlobalSection(ExtensibilityGlobals) = postSolution
		SolutionGuid = {39F680BF-FAE0-4073-A544-167EF383EC37}
	EndGlobalSection
EndGlobal
