
Microsoft Visual Studio Solution File, Format Version 12.00
# Visual Studio Version 17
VisualStudioVersion = 17.9.34902.65
MinimumVisualStudioVersion = 10.0.40219.1
Project("{9A19103F-16F7-4668-BE54-9A1E7A4F7556}") = "Project_database", "Project_database.csproj", "{C75DF823-2DE7-409D-BD8C-8FD72DDFEC17}"
EndProject
Global
	GlobalSection(SolutionConfigurationPlatforms) = preSolution
		Debug|Any CPU = Debug|Any CPU
		Release|Any CPU = Release|Any CPU
	EndGlobalSection
	GlobalSection(ProjectConfigurationPlatforms) = postSolution
		{C75DF823-2DE7-409D-BD8C-8FD72DDFEC17}.Debug|Any CPU.ActiveCfg = Debug|Any CPU
		{C75DF823-2DE7-409D-BD8C-8FD72DDFEC17}.Debug|Any CPU.Build.0 = Debug|Any CPU
		{C75DF823-2DE7-409D-BD8C-8FD72DDFEC17}.Release|Any CPU.ActiveCfg = Release|Any CPU
		{C75DF823-2DE7-409D-BD8C-8FD72DDFEC17}.Release|Any CPU.Build.0 = Release|Any CPU
	EndGlobalSection
	GlobalSection(SolutionProperties) = preSolution
		HideSolutionNode = FALSE
	EndGlobalSection
	GlobalSection(ExtensibilityGlobals) = postSolution
		SolutionGuid = {B7917489-F744-4510-A988-9DF5C67FB9DB}
	EndGlobalSection
EndGlobal
